
Microsoft Visual Studio Solution File, Format Version 12.00
# Visual Studio Version 17
VisualStudioVersion = 17.5.002.0
MinimumVisualStudioVersion = 10.0.40219.1
Project("{9A19103F-16F7-4668-BE54-9A1E7A4F7556}") = "Godot", "Godot.csproj", "{6FAAA725-9FEB-460A-8F80-BED685DC2E5C}"
EndProject
Project("{2150E333-8FDC-42A3-9474-1A3956D46DE8}") = "c:", "c:\", "{4631059D-01D2-4357-833A-BD57B5A517C9}"
EndProject
Project("{2150E333-8FDC-42A3-9474-1A3956D46DE8}") = "Users", "Users", "{3CF9ADF5-4A7D-449C-9946-2FC1521F5136}"
EndProject
Project("{2150E333-8FDC-42A3-9474-1A3956D46DE8}") = "alexm", "alexm", "{CFEC29D9-FE28-4F1B-BFE0-C0E63E34120B}"
EndProject
Project("{2150E333-8FDC-42A3-9474-1A3956D46DE8}") = "Desktop", "Desktop", "{459389FC-5ECF-491A-85D9-9A28064CF79A}"
EndProject
Project("{FAE04EC0-301F-11D3-BF4B-00C04F79EFBC}") = "rec", "c:\Users\alexm\Desktop\rec\rec.csproj", "{09365B3C-57A9-4EE1-AADD-AD875BE78081}"
EndProject
Global
	GlobalSection(SolutionConfigurationPlatforms) = preSolution
		Debug|Any CPU = Debug|Any CPU
		Release|Any CPU = Release|Any CPU
	EndGlobalSection
	GlobalSection(ProjectConfigurationPlatforms) = postSolution
		{6FAAA725-9FEB-460A-8F80-BED685DC2E5C}.Debug|Any CPU.ActiveCfg = Debug|Any CPU
		{6FAAA725-9FEB-460A-8F80-BED685DC2E5C}.Debug|Any CPU.Build.0 = Debug|Any CPU
		{6FAAA725-9FEB-460A-8F80-BED685DC2E5C}.Release|Any CPU.ActiveCfg = Release|Any CPU
		{6FAAA725-9FEB-460A-8F80-BED685DC2E5C}.Release|Any CPU.Build.0 = Release|Any CPU
		{09365B3C-57A9-4EE1-AADD-AD875BE78081}.Debug|Any CPU.ActiveCfg = Debug|Any CPU
		{09365B3C-57A9-4EE1-AADD-AD875BE78081}.Debug|Any CPU.Build.0 = Debug|Any CPU
		{09365B3C-57A9-4EE1-AADD-AD875BE78081}.Release|Any CPU.ActiveCfg = Release|Any CPU
		{09365B3C-57A9-4EE1-AADD-AD875BE78081}.Release|Any CPU.Build.0 = Release|Any CPU
	EndGlobalSection
	GlobalSection(SolutionProperties) = preSolution
		HideSolutionNode = FALSE
	EndGlobalSection
	GlobalSection(ExtensibilityGlobals) = postSolution
		SolutionGuid = {91550F94-DA37-45A8-AEB9-A32B5825E807}
	EndGlobalSection
	GlobalSection(NestedProjects) = preSolution
		{3CF9ADF5-4A7D-449C-9946-2FC1521F5136} = {4631059D-01D2-4357-833A-BD57B5A517C9}
		{CFEC29D9-FE28-4F1B-BFE0-C0E63E34120B} = {3CF9ADF5-4A7D-449C-9946-2FC1521F5136}
		{459389FC-5ECF-491A-85D9-9A28064CF79A} = {CFEC29D9-FE28-4F1B-BFE0-C0E63E34120B}
		{09365B3C-57A9-4EE1-AADD-AD875BE78081} = {459389FC-5ECF-491A-85D9-9A28064CF79A}
	EndGlobalSection
EndGlobal
